
Microsoft Visual Studio Solution File, Format Version 12.00
# Visual Studio Version 17
VisualStudioVersion = 17.3.32804.467
MinimumVisualStudioVersion = 10.0.40219.1
Project("{FAE04EC0-301F-11D3-BF4B-00C04F79EFBC}") = "APIVersioningDemo", "APIVersioningDemo\APIVersioningDemo.csproj", "{80786B74-553A-40EC-A490-1D4A78B150F9}"
EndProject
Global
	GlobalSection(SolutionConfigurationPlatforms) = preSolution
		Debug|Any CPU = Debug|Any CPU
		Release|Any CPU = Release|Any CPU
	EndGlobalSection
	GlobalSection(ProjectConfigurationPlatforms) = postSolution
		{80786B74-553A-40EC-A490-1D4A78B150F9}.Debug|Any CPU.ActiveCfg = Debug|Any CPU
		{80786B74-553A-40EC-A490-1D4A78B150F9}.Debug|Any CPU.Build.0 = Debug|Any CPU
		{80786B74-553A-40EC-A490-1D4A78B150F9}.Release|Any CPU.ActiveCfg = Release|Any CPU
		{80786B74-553A-40EC-A490-1D4A78B150F9}.Release|Any CPU.Build.0 = Release|Any CPU
	EndGlobalSection
	GlobalSection(SolutionProperties) = preSolution
		HideSolutionNode = FALSE
	EndGlobalSection
	GlobalSection(ExtensibilityGlobals) = postSolution
		SolutionGuid = {B17C5E72-2FAF-4913-9176-8027C07A95E9}
	EndGlobalSection
EndGlobal
